
Microsoft Visual Studio Solution File, Format Version 12.00
# Visual Studio Version 17
VisualStudioVersion = 17.14.36603.0
MinimumVisualStudioVersion = 10.0.40219.1
Project("{FAE04EC0-301F-11D3-BF4B-00C04F79EFBC}") = "Sana02", "Sana02\Sana02.csproj", "{C5A5064D-2A4E-42C7-814C-4474E831EA6B}"
EndProject
Project("{FAE04EC0-301F-11D3-BF4B-00C04F79EFBC}") = "QuadraticEquation", "QuadraticEquation\QuadraticEquation.csproj", "{28823764-89AD-45F7-BACA-CC8980167957}"
EndProject
Project("{FAE04EC0-301F-11D3-BF4B-00C04F79EFBC}") = "PointsAverage", "PointsAverage\PointsAverage.csproj", "{50C6EBAF-A494-462E-BD51-B70474EA94C6}"
EndProject
Project("{FAE04EC0-301F-11D3-BF4B-00C04F79EFBC}") = "SwitchValues", "SwitchValues\SwitchValues.csproj", "{D275A554-4D94-4EB7-BD21-CDD346C8CE47}"
EndProject
Project("{FAE04EC0-301F-11D3-BF4B-00C04F79EFBC}") = "While", "While\While.csproj", "{79757C05-D998-4659-AE00-568477DFFDE1}"
EndProject
Global
	GlobalSection(SolutionConfigurationPlatforms) = preSolution
		Debug|Any CPU = Debug|Any CPU
		Release|Any CPU = Release|Any CPU
	EndGlobalSection
	GlobalSection(ProjectConfigurationPlatforms) = postSolution
		{C5A5064D-2A4E-42C7-814C-4474E831EA6B}.Debug|Any CPU.ActiveCfg = Debug|Any CPU
		{C5A5064D-2A4E-42C7-814C-4474E831EA6B}.Debug|Any CPU.Build.0 = Debug|Any CPU
		{C5A5064D-2A4E-42C7-814C-4474E831EA6B}.Release|Any CPU.ActiveCfg = Release|Any CPU
		{C5A5064D-2A4E-42C7-814C-4474E831EA6B}.Release|Any CPU.Build.0 = Release|Any CPU
		{28823764-89AD-45F7-BACA-CC8980167957}.Debug|Any CPU.ActiveCfg = Debug|Any CPU
		{28823764-89AD-45F7-BACA-CC8980167957}.Debug|Any CPU.Build.0 = Debug|Any CPU
		{28823764-89AD-45F7-BACA-CC8980167957}.Release|Any CPU.ActiveCfg = Release|Any CPU
		{28823764-89AD-45F7-BACA-CC8980167957}.Release|Any CPU.Build.0 = Release|Any CPU
		{50C6EBAF-A494-462E-BD51-B70474EA94C6}.Debug|Any CPU.ActiveCfg = Debug|Any CPU
		{50C6EBAF-A494-462E-BD51-B70474EA94C6}.Debug|Any CPU.Build.0 = Debug|Any CPU
		{50C6EBAF-A494-462E-BD51-B70474EA94C6}.Release|Any CPU.ActiveCfg = Release|Any CPU
		{50C6EBAF-A494-462E-BD51-B70474EA94C6}.Release|Any CPU.Build.0 = Release|Any CPU
		{D275A554-4D94-4EB7-BD21-CDD346C8CE47}.Debug|Any CPU.ActiveCfg = Debug|Any CPU
		{D275A554-4D94-4EB7-BD21-CDD346C8CE47}.Debug|Any CPU.Build.0 = Debug|Any CPU
		{D275A554-4D94-4EB7-BD21-CDD346C8CE47}.Release|Any CPU.ActiveCfg = Release|Any CPU
		{D275A554-4D94-4EB7-BD21-CDD346C8CE47}.Release|Any CPU.Build.0 = Release|Any CPU
		{79757C05-D998-4659-AE00-568477DFFDE1}.Debug|Any CPU.ActiveCfg = Debug|Any CPU
		{79757C05-D998-4659-AE00-568477DFFDE1}.Debug|Any CPU.Build.0 = Debug|Any CPU
		{79757C05-D998-4659-AE00-568477DFFDE1}.Release|Any CPU.ActiveCfg = Release|Any CPU
		{79757C05-D998-4659-AE00-568477DFFDE1}.Release|Any CPU.Build.0 = Release|Any CPU
	EndGlobalSection
	GlobalSection(SolutionProperties) = preSolution
		HideSolutionNode = FALSE
	EndGlobalSection
	GlobalSection(ExtensibilityGlobals) = postSolution
		SolutionGuid = {F86DA48E-3364-4403-93C1-EED03BFF8F2B}
	EndGlobalSection
EndGlobal
